{
    "_meta": {
        "hash": {
            "sha256": "4e9b0fec811e57ca9261060b51aa8c351753693390cd303d878efebb2269f00b"
        },
        "pipfile-spec": 6,
        "requires": {
            "python_version": "3.6"
        },
        "sources": [
            {
                "name": "pypi",
                "url": "https://pypi.org/simple",
                "verify_ssl": true
            }
        ]
    },
    "default": {
        "pytz": {
            "hashes": [
                "sha256:26c0b32e437e54a18161324a2fca3c4b9846b74a8dccddd843113109e1116b32",
                "sha256:c894d57500a4cd2d5c71114aaab77dbab5eabd9022308ce5ac9bb93a60a6f0c7"
            ],
            "version": "==2019.2"
        },
        "rfc5424-logging-handler": {
            "hashes": [
                "sha256:9ae14073ef6d76d0c730ad6b6e3aeece841a6d413672d282876c0506dc097257",
                "sha256:eaba528e47fba3e2845d52d559885cbc27a37db42a9d265ea539b3b4452d3057"
            ],
            "index": "pypi",
            "version": "==1.4.3"
        },
        "tzlocal": {
            "hashes": [
                "sha256:11c9f16e0a633b4b60e1eede97d8a46340d042e67b670b290ca526576e039048",
                "sha256:949b9dd5ba4be17190a80c0268167d7e6c92c62b30026cf9764caf3e308e5590"
            ],
            "version": "==2.0.0"
        }
    },
    "develop": {}
}
